
Microsoft Visual Studio Solution File, Format Version 12.00
# Visual Studio 14
VisualStudioVersion = 14.0.23107.0
Project("{FAE04EC0-301F-11D3-BF4B-00C04F79EFBC}") = "ClearCase", "ClearCase\ClearCase.csproj", "{CA5D92D0-6580-4B7C-9544-E96CE0831259}"
EndProject
Global
	GlobalSection(SolutionConfigurationPlatforms) = preSolution
		Debug|Any CPU = Debug|Any CPU
		Release|Any CPU = Release|Any CPU
	EndGlobalSection
	GlobalSection(ProjectConfigurationPlatforms) = postSolution
		{CA5D92D0-6580-4B7C-9544-E96CE0831259}.Debug|Any CPU.ActiveCfg = Debug|Any CPU
		{CA5D92D0-6580-4B7C-9544-E96CE0831259}.Debug|Any CPU.Build.0 = Debug|Any CPU
		{CA5D92D0-6580-4B7C-9544-E96CE0831259}.Release|Any CPU.ActiveCfg = Release|Any CPU
		{CA5D92D0-6580-4B7C-9544-E96CE0831259}.Release|Any CPU.Build.0 = Release|Any CPU
	EndGlobalSection
	GlobalSection(SolutionProperties) = preSolution
		HideSolutionNode = FALSE
	EndGlobalSection
EndGlobal
